PODS:
  - AudioKit/Core (4.5.6)
  - Charts (3.2.1):
    - Charts/Core (= 3.2.1)
  - Charts/Core (3.2.1)

DEPENDENCIES:
  - AudioKit/Core
  - Charts

SPEC REPOS:
  https://github.com/cocoapods/specs.git:
    - AudioKit
    - Charts

SPEC CHECKSUMS:
  AudioKit: 84f5a444902a74ac32cfe8488e72782792ff2edc
  Charts: f122fb70b19847fa5817d018b77d6c5a2296ab25

PODFILE CHECKSUM: 6fd7bdd1522d9552f1591fcd831071a4a4150f6a

COCOAPODS: 1.5.3
