PODS:
  - AudioKit (4.5.4):
    - AudioKit/Core (= 4.5.4)
    - AudioKit/UI (= 4.5.4)
  - AudioKit/Core (4.5.4)
  - AudioKit/UI (4.5.4):
    - AudioKit/Core
  - Charts (3.2.1):
    - Charts/Core (= 3.2.1)
  - Charts/Core (3.2.1)

DEPENDENCIES:
  - AudioKit
  - Charts

SPEC REPOS:
  https://github.com/cocoapods/specs.git:
    - AudioKit
    - Charts

SPEC CHECKSUMS:
  AudioKit: af3f5b73e22f85f3cd03076fea8afbb9658f0938
  Charts: f122fb70b19847fa5817d018b77d6c5a2296ab25

PODFILE CHECKSUM: 8e5bbfdc2476de26c02af33283064462d6cf160b

COCOAPODS: 1.5.3
