// !$*UTF8*$!
{
	archiveVersion = 1;
	classes = {
	};
	objectVersion = 51;
	objects = {

/* Begin PBXBuildFile section */
		0DFA9E80DF2176D7579F4F4C /* Pods_Audiometry.framework in Frameworks */ = {isa = PBXBuildFile; fileRef = 6BB81B19970E35CFD84AF850 /* Pods_Audiometry.framework */; };
		4E4B3C7D21A7266000191AF3 /* CalibrationPlayer.swift in Sources */ = {isa = PBXBuildFile; fileRef = 4E4B3C7121A7266000191AF3 /* CalibrationPlayer.swift */; };
		4E4B3C7E21A7266000191AF3 /* TestPlayer.swift in Sources */ = {isa = PBXBuildFile; fileRef = 4E4B3C7221A7266000191AF3 /* TestPlayer.swift */; };
		4E4B3C8221A7266000191AF3 /* CalibrationViewController.swift in Sources */ = {isa = PBXBuildFile; fileRef = 4E4B3C7821A7266000191AF3 /* CalibrationViewController.swift */; };
		4E4B3C8321A7266000191AF3 /* TitleViewController.swift in Sources */ = {isa = PBXBuildFile; fileRef = 4E4B3C7921A7266000191AF3 /* TitleViewController.swift */; };
		4E4B3C8E21A7267100191AF3 /* Main.storyboard in Resources */ = {isa = PBXBuildFile; fileRef = 4E4B3C8821A7267100191AF3 /* Main.storyboard */; };
		4E4B3C9221A745EA00191AF3 /* AudiometryModel.xcdatamodeld in Sources */ = {isa = PBXBuildFile; fileRef = 4E4B3C9021A745EA00191AF3 /* AudiometryModel.xcdatamodeld */; };
		4E4B3C9521A757DA00191AF3 /* AppUtililty.swift in Sources */ = {isa = PBXBuildFile; fileRef = 4E4B3C9421A757DA00191AF3 /* AppUtililty.swift */; };
		4E4B3C9721A7D32E00191AF3 /* CalibrationUIFactory.swift in Sources */ = {isa = PBXBuildFile; fileRef = 4E4B3C9621A7D32E00191AF3 /* CalibrationUIFactory.swift */; };
		4E4B3CA521A9A30900191AF3 /* AdultTest.storyboard in Resources */ = {isa = PBXBuildFile; fileRef = 4E4B3CA221A9A30900191AF3 /* AdultTest.storyboard */; };
		4E4B3CED21A9B3FC00191AF3 /* AdultInstructionViewController.swift in Sources */ = {isa = PBXBuildFile; fileRef = 4E4B3CEA21A9B3FC00191AF3 /* AdultInstructionViewController.swift */; };
		4E4B3CF021B03CF000191AF3 /* TestProtocolViewController.swift in Sources */ = {isa = PBXBuildFile; fileRef = 4E4B3CEF21B03CF000191AF3 /* TestProtocolViewController.swift */; };
		4E4B3CF621B1988000191AF3 /* ResultViewController.swift in Sources */ = {isa = PBXBuildFile; fileRef = 4E4B3CF521B1988000191AF3 /* ResultViewController.swift */; };
		4EC055F921A724E60016AB0D /* AppDelegate.swift in Sources */ = {isa = PBXBuildFile; fileRef = 4EC055F821A724E60016AB0D /* AppDelegate.swift */; };
		4EC0560321A724E70016AB0D /* Assets.xcassets in Resources */ = {isa = PBXBuildFile; fileRef = 4EC0560221A724E70016AB0D /* Assets.xcassets */; };
		4EC0560621A724E70016AB0D /* LaunchScreen.storyboard in Resources */ = {isa = PBXBuildFile; fileRef = 4EC0560421A724E70016AB0D /* LaunchScreen.storyboard */; };
		4EEDE90621BE876E00028C60 /* ChildrenTestViewController.swift in Sources */ = {isa = PBXBuildFile; fileRef = 4EEDE90421BE876E00028C60 /* ChildrenTestViewController.swift */; };
		4EEDE90721BE876E00028C60 /* AdultTestViewController.swift in Sources */ = {isa = PBXBuildFile; fileRef = 4EEDE90521BE876E00028C60 /* AdultTestViewController.swift */; };
		4EEDE90B21BEABBC00028C60 /* ChildrenInstructionViewController.swift in Sources */ = {isa = PBXBuildFile; fileRef = 4EEDE90A21BEABBC00028C60 /* ChildrenInstructionViewController.swift */; };
		4EEDE90E21BFB04600028C60 /* ChildrenTest.storyboard in Resources */ = {isa = PBXBuildFile; fileRef = 4EEDE90C21BFB04600028C60 /* ChildrenTest.storyboard */; };
		4EEDE91021BFC07200028C60 /* ChildrenTestPlayer.swift in Sources */ = {isa = PBXBuildFile; fileRef = 4EEDE90F21BFC07200028C60 /* ChildrenTestPlayer.swift */; };
		4EEDE91221BFC08200028C60 /* AdultTestPlayer.swift in Sources */ = {isa = PBXBuildFile; fileRef = 4EEDE91121BFC08200028C60 /* AdultTestPlayer.swift */; };
		67251B93241D5AFB00587F77 /* Localizable.strings in Resources */ = {isa = PBXBuildFile; fileRef = 67251B95241D5AFB00587F77 /* Localizable.strings */; };
		67251B99241D5D4A00587F77 /* LanguageViewController.swift in Sources */ = {isa = PBXBuildFile; fileRef = 67251B98241D5D4A00587F77 /* LanguageViewController.swift */; };
		67251B9B241D5D7700587F77 /* LanguageCoordinator.swift in Sources */ = {isa = PBXBuildFile; fileRef = 67251B9A241D5D7700587F77 /* LanguageCoordinator.swift */; };
		6794A4FF2400541600489C64 /* Assets in Resources */ = {isa = PBXBuildFile; fileRef = 6794A4FE2400541600489C64 /* Assets */; };
		67AD6AD422F0AEF800CF2D14 /* PauseViewController.swift in Sources */ = {isa = PBXBuildFile; fileRef = 67AD6AD222F0AD0200CF2D14 /* PauseViewController.swift */; };
		67B58CF123D4CDF7003EFEE6 /* CalibrationSettingRepo.swift in Sources */ = {isa = PBXBuildFile; fileRef = 67B58CF023D4CDF7003EFEE6 /* CalibrationSettingRepo.swift */; };
		67B58CF423D5F795003EFEE6 /* Coordinator.swift in Sources */ = {isa = PBXBuildFile; fileRef = 67B58CF323D5F795003EFEE6 /* Coordinator.swift */; };
		67B58CF623D5F7BC003EFEE6 /* Storyboarded.swift in Sources */ = {isa = PBXBuildFile; fileRef = 67B58CF523D5F7BC003EFEE6 /* Storyboarded.swift */; };
		67B58CF823D5F812003EFEE6 /* MainCoordinator.swift in Sources */ = {isa = PBXBuildFile; fileRef = 67B58CF723D5F812003EFEE6 /* MainCoordinator.swift */; };
		67B58CFA23D73833003EFEE6 /* TestCoordinator.swift in Sources */ = {isa = PBXBuildFile; fileRef = 67B58CF923D73833003EFEE6 /* TestCoordinator.swift */; };
		67B58CFC23D748DF003EFEE6 /* CalibrationCoordinator.swift in Sources */ = {isa = PBXBuildFile; fileRef = 67B58CFB23D748DF003EFEE6 /* CalibrationCoordinator.swift */; };
		67B58CFF23D763FF003EFEE6 /* CalibrationSetting.swift in Sources */ = {isa = PBXBuildFile; fileRef = 67B58CFE23D763FF003EFEE6 /* CalibrationSetting.swift */; };
		67B58D0123E0FD72003EFEE6 /* Repository.swift in Sources */ = {isa = PBXBuildFile; fileRef = 67B58D0023E0FD72003EFEE6 /* Repository.swift */; };
		67B58D0323EF19C2003EFEE6 /* TestProcotolCoordinator.swift in Sources */ = {isa = PBXBuildFile; fileRef = 67B58D0223EF19C2003EFEE6 /* TestProcotolCoordinator.swift */; };
		67C88C3C2400498F0000F6E7 /* AppConstants.swift in Sources */ = {isa = PBXBuildFile; fileRef = 67C88C3B2400498F0000F6E7 /* AppConstants.swift */; };
		67DCEF2E22F68A8400C3117F /* CaptionText.swift in Sources */ = {isa = PBXBuildFile; fileRef = 67DCEF2D22F68A8400C3117F /* CaptionText.swift */; };
		67E329B323CE28AC0068C2E2 /* GlobalSettingRepo.swift in Sources */ = {isa = PBXBuildFile; fileRef = 67E329B223CE28AC0068C2E2 /* GlobalSettingRepo.swift */; };
		67E329B523CE2C6A0068C2E2 /* PatientProfileRepo.swift in Sources */ = {isa = PBXBuildFile; fileRef = 67E329B423CE2C6A0068C2E2 /* PatientProfileRepo.swift */; };
		67E329B823CF5F190068C2E2 /* TestProtocolRepo.swift in Sources */ = {isa = PBXBuildFile; fileRef = 67E329B723CF5F190068C2E2 /* TestProtocolRepo.swift */; };
		67E329BA23CF661E0068C2E2 /* ProtocolUIFactory.swift in Sources */ = {isa = PBXBuildFile; fileRef = 67E329B923CF661E0068C2E2 /* ProtocolUIFactory.swift */; };
		D0F8D3AB212F9A5C83F86A02 /* ResultCoordinator.swift in Sources */ = {isa = PBXBuildFile; fileRef = D0F8D66214902A3E6506CE7D /* ResultCoordinator.swift */; };
		D0F8D6346B13044ECCAFB8FC /* TestViewController.swift in Sources */ = {isa = PBXBuildFile; fileRef = D0F8DDA4E615FBA4FEA62638 /* TestViewController.swift */; };
/* End PBXBuildFile section */

/* Begin PBXFileReference section */
		1C9CAD001E93C5B039521F51 /* Pods-Audiometry.release.xcconfig */ = {isa = PBXFileReference; includeInIndex = 1; lastKnownFileType = text.xcconfig; name = "Pods-Audiometry.release.xcconfig"; path = "Target Support Files/Pods-Audiometry/Pods-Audiometry.release.xcconfig"; sourceTree = "<group>"; };
		4E4B3C7121A7266000191AF3 /* CalibrationPlayer.swift */ = {isa = PBXFileReference; fileEncoding = 4; lastKnownFileType = sourcecode.swift; path = CalibrationPlayer.swift; sourceTree = "<group>"; };
		4E4B3C7221A7266000191AF3 /* TestPlayer.swift */ = {isa = PBXFileReference; fileEncoding = 4; lastKnownFileType = sourcecode.swift; path = TestPlayer.swift; sourceTree = "<group>"; };
		4E4B3C7821A7266000191AF3 /* CalibrationViewController.swift */ = {isa = PBXFileReference; fileEncoding = 4; lastKnownFileType = sourcecode.swift; path = CalibrationViewController.swift; sourceTree = "<group>"; };
		4E4B3C7921A7266000191AF3 /* TitleViewController.swift */ = {isa = PBXFileReference; fileEncoding = 4; lastKnownFileType = sourcecode.swift; path = TitleViewController.swift; sourceTree = "<group>"; };
		4E4B3C8921A7267100191AF3 /* Base */ = {isa = PBXFileReference; lastKnownFileType = file.storyboard; name = Base; path = Base.lproj/Main.storyboard; sourceTree = "<group>"; };
		4E4B3C9121A745EA00191AF3 /* CalibrationSettingModel.xcdatamodel */ = {isa = PBXFileReference; lastKnownFileType = wrapper.xcdatamodel; path = CalibrationSettingModel.xcdatamodel; sourceTree = "<group>"; };
		4E4B3C9421A757DA00191AF3 /* AppUtililty.swift */ = {isa = PBXFileReference; fileEncoding = 4; lastKnownFileType = sourcecode.swift; path = AppUtililty.swift; sourceTree = "<group>"; };
		4E4B3C9621A7D32E00191AF3 /* CalibrationUIFactory.swift */ = {isa = PBXFileReference; lastKnownFileType = sourcecode.swift; path = CalibrationUIFactory.swift; sourceTree = "<group>"; };
		4E4B3CA321A9A30900191AF3 /* Base */ = {isa = PBXFileReference; lastKnownFileType = file.storyboard; name = Base; path = Base.lproj/AdultTest.storyboard; sourceTree = "<group>"; };
		4E4B3CEA21A9B3FC00191AF3 /* AdultInstructionViewController.swift */ = {isa = PBXFileReference; fileEncoding = 4; lastKnownFileType = sourcecode.swift; path = AdultInstructionViewController.swift; sourceTree = "<group>"; };
		4E4B3CEF21B03CF000191AF3 /* TestProtocolViewController.swift */ = {isa = PBXFileReference; fileEncoding = 4; lastKnownFileType = sourcecode.swift; path = TestProtocolViewController.swift; sourceTree = "<group>"; };
		4E4B3CF521B1988000191AF3 /* ResultViewController.swift */ = {isa = PBXFileReference; fileEncoding = 4; lastKnownFileType = sourcecode.swift; path = ResultViewController.swift; sourceTree = "<group>"; };
		4EC055F821A724E60016AB0D /* AppDelegate.swift */ = {isa = PBXFileReference; lastKnownFileType = sourcecode.swift; path = AppDelegate.swift; sourceTree = "<group>"; };
		4EC0560221A724E70016AB0D /* Assets.xcassets */ = {isa = PBXFileReference; lastKnownFileType = folder.assetcatalog; path = Assets.xcassets; sourceTree = "<group>"; };
		4EC0560521A724E70016AB0D /* Base */ = {isa = PBXFileReference; lastKnownFileType = file.storyboard; name = Base; path = Base.lproj/LaunchScreen.storyboard; sourceTree = "<group>"; };
		4EC0560721A724E70016AB0D /* Info.plist */ = {isa = PBXFileReference; lastKnownFileType = text.plist.xml; path = Info.plist; sourceTree = "<group>"; };
		4EEDE90421BE876E00028C60 /* ChildrenTestViewController.swift */ = {isa = PBXFileReference; fileEncoding = 4; lastKnownFileType = sourcecode.swift; path = ChildrenTestViewController.swift; sourceTree = "<group>"; };
		4EEDE90521BE876E00028C60 /* AdultTestViewController.swift */ = {isa = PBXFileReference; fileEncoding = 4; lastKnownFileType = sourcecode.swift; path = AdultTestViewController.swift; sourceTree = "<group>"; };
		4EEDE90A21BEABBC00028C60 /* ChildrenInstructionViewController.swift */ = {isa = PBXFileReference; fileEncoding = 4; lastKnownFileType = sourcecode.swift; path = ChildrenInstructionViewController.swift; sourceTree = "<group>"; };
		4EEDE90D21BFB04600028C60 /* Base */ = {isa = PBXFileReference; lastKnownFileType = file.storyboard; name = Base; path = Base.lproj/ChildrenTest.storyboard; sourceTree = "<group>"; };
		4EEDE90F21BFC07200028C60 /* ChildrenTestPlayer.swift */ = {isa = PBXFileReference; lastKnownFileType = sourcecode.swift; path = ChildrenTestPlayer.swift; sourceTree = "<group>"; };
		4EEDE91121BFC08200028C60 /* AdultTestPlayer.swift */ = {isa = PBXFileReference; lastKnownFileType = sourcecode.swift; path = AdultTestPlayer.swift; sourceTree = "<group>"; };
		6703415723512E4E00ABFB89 /* Audiometry.app */ = {isa = PBXFileReference; explicitFileType = wrapper.application; includeInIndex = 0; path = Audiometry.app; sourceTree = BUILT_PRODUCTS_DIR; };
		67251B87241D5A3600587F77 /* pt-BR */ = {isa = PBXFileReference; lastKnownFileType = text.plist.strings; name = "pt-BR"; path = "pt-BR.lproj/LaunchScreen.strings"; sourceTree = "<group>"; };
		67251B88241D5A3600587F77 /* pt-BR */ = {isa = PBXFileReference; lastKnownFileType = text.plist.strings; name = "pt-BR"; path = "pt-BR.lproj/Main.strings"; sourceTree = "<group>"; };
		67251B89241D5A3600587F77 /* pt-BR */ = {isa = PBXFileReference; lastKnownFileType = text.plist.strings; name = "pt-BR"; path = "pt-BR.lproj/AdultTest.strings"; sourceTree = "<group>"; };
		67251B8A241D5A3600587F77 /* pt-BR */ = {isa = PBXFileReference; lastKnownFileType = text.plist.strings; name = "pt-BR"; path = "pt-BR.lproj/ChildrenTest.strings"; sourceTree = "<group>"; };
		67251B8B241D5A3E00587F77 /* es-419 */ = {isa = PBXFileReference; lastKnownFileType = text.plist.strings; name = "es-419"; path = "es-419.lproj/LaunchScreen.strings"; sourceTree = "<group>"; };
		67251B8C241D5A3E00587F77 /* es-419 */ = {isa = PBXFileReference; lastKnownFileType = text.plist.strings; name = "es-419"; path = "es-419.lproj/Main.strings"; sourceTree = "<group>"; };
		67251B8D241D5A3E00587F77 /* es-419 */ = {isa = PBXFileReference; lastKnownFileType = text.plist.strings; name = "es-419"; path = "es-419.lproj/AdultTest.strings"; sourceTree = "<group>"; };
		67251B8E241D5A3E00587F77 /* es-419 */ = {isa = PBXFileReference; lastKnownFileType = text.plist.strings; name = "es-419"; path = "es-419.lproj/ChildrenTest.strings"; sourceTree = "<group>"; };
		67251B94241D5AFB00587F77 /* pt-BR */ = {isa = PBXFileReference; lastKnownFileType = text.plist.strings; name = "pt-BR"; path = "pt-BR.lproj/Localizable.strings"; sourceTree = "<group>"; };
		67251B96241D5AFD00587F77 /* en */ = {isa = PBXFileReference; lastKnownFileType = text.plist.strings; name = en; path = en.lproj/Localizable.strings; sourceTree = "<group>"; };
		67251B98241D5D4A00587F77 /* LanguageViewController.swift */ = {isa = PBXFileReference; lastKnownFileType = sourcecode.swift; path = LanguageViewController.swift; sourceTree = "<group>"; };
		67251B9A241D5D7700587F77 /* LanguageCoordinator.swift */ = {isa = PBXFileReference; lastKnownFileType = sourcecode.swift; path = LanguageCoordinator.swift; sourceTree = "<group>"; };
		6794A4FE2400541600489C64 /* Assets */ = {isa = PBXFileReference; lastKnownFileType = folder; path = Assets; sourceTree = "<group>"; };
		67AD6AD222F0AD0200CF2D14 /* PauseViewController.swift */ = {isa = PBXFileReference; lastKnownFileType = sourcecode.swift; path = PauseViewController.swift; sourceTree = "<group>"; };
		67B58CF023D4CDF7003EFEE6 /* CalibrationSettingRepo.swift */ = {isa = PBXFileReference; lastKnownFileType = sourcecode.swift; path = CalibrationSettingRepo.swift; sourceTree = "<group>"; };
		67B58CF323D5F795003EFEE6 /* Coordinator.swift */ = {isa = PBXFileReference; lastKnownFileType = sourcecode.swift; path = Coordinator.swift; sourceTree = "<group>"; };
		67B58CF523D5F7BC003EFEE6 /* Storyboarded.swift */ = {isa = PBXFileReference; lastKnownFileType = sourcecode.swift; path = Storyboarded.swift; sourceTree = "<group>"; };
		67B58CF723D5F812003EFEE6 /* MainCoordinator.swift */ = {isa = PBXFileReference; lastKnownFileType = sourcecode.swift; path = MainCoordinator.swift; sourceTree = "<group>"; };
		67B58CF923D73833003EFEE6 /* TestCoordinator.swift */ = {isa = PBXFileReference; lastKnownFileType = sourcecode.swift; path = TestCoordinator.swift; sourceTree = "<group>"; };
		67B58CFB23D748DF003EFEE6 /* CalibrationCoordinator.swift */ = {isa = PBXFileReference; lastKnownFileType = sourcecode.swift; path = CalibrationCoordinator.swift; sourceTree = "<group>"; };
		67B58CFE23D763FF003EFEE6 /* CalibrationSetting.swift */ = {isa = PBXFileReference; lastKnownFileType = sourcecode.swift; path = CalibrationSetting.swift; sourceTree = "<group>"; };
		67B58D0023E0FD72003EFEE6 /* Repository.swift */ = {isa = PBXFileReference; lastKnownFileType = sourcecode.swift; path = Repository.swift; sourceTree = "<group>"; };
		67B58D0223EF19C2003EFEE6 /* TestProcotolCoordinator.swift */ = {isa = PBXFileReference; lastKnownFileType = sourcecode.swift; path = TestProcotolCoordinator.swift; sourceTree = "<group>"; };
		67C88C3B2400498F0000F6E7 /* AppConstants.swift */ = {isa = PBXFileReference; lastKnownFileType = sourcecode.swift; path = AppConstants.swift; sourceTree = "<group>"; };
		67DCEF2D22F68A8400C3117F /* CaptionText.swift */ = {isa = PBXFileReference; lastKnownFileType = sourcecode.swift; path = CaptionText.swift; sourceTree = "<group>"; };
		67E329B223CE28AC0068C2E2 /* GlobalSettingRepo.swift */ = {isa = PBXFileReference; lastKnownFileType = sourcecode.swift; path = GlobalSettingRepo.swift; sourceTree = "<group>"; };
		67E329B423CE2C6A0068C2E2 /* PatientProfileRepo.swift */ = {isa = PBXFileReference; lastKnownFileType = sourcecode.swift; path = PatientProfileRepo.swift; sourceTree = "<group>"; };
		67E329B723CF5F190068C2E2 /* TestProtocolRepo.swift */ = {isa = PBXFileReference; lastKnownFileType = sourcecode.swift; path = TestProtocolRepo.swift; sourceTree = "<group>"; };
		67E329B923CF661E0068C2E2 /* ProtocolUIFactory.swift */ = {isa = PBXFileReference; lastKnownFileType = sourcecode.swift; path = ProtocolUIFactory.swift; sourceTree = "<group>"; };
		67F4916C240EBAEF00AC891E /* TestPlayground.playground */ = {isa = PBXFileReference; lastKnownFileType = file.playground; name = TestPlayground.playground; path = ../../../../Desktop/TestPlayground.playground; sourceTree = "<group>"; xcLanguageSpecificationIdentifier = xcode.lang.swift; };
		6BB81B19970E35CFD84AF850 /* Pods_Audiometry.framework */ = {isa = PBXFileReference; explicitFileType = wrapper.framework; includeInIndex = 0; path = Pods_Audiometry.framework; sourceTree = BUILT_PRODUCTS_DIR; };
		AFE8D055F906C3049CD786A8 /* Pods-Audiometry.debug.xcconfig */ = {isa = PBXFileReference; includeInIndex = 1; lastKnownFileType = text.xcconfig; name = "Pods-Audiometry.debug.xcconfig"; path = "Target Support Files/Pods-Audiometry/Pods-Audiometry.debug.xcconfig"; sourceTree = "<group>"; };
		D0F8D66214902A3E6506CE7D /* ResultCoordinator.swift */ = {isa = PBXFileReference; fileEncoding = 4; lastKnownFileType = sourcecode.swift; path = ResultCoordinator.swift; sourceTree = "<group>"; };
		D0F8DDA4E615FBA4FEA62638 /* TestViewController.swift */ = {isa = PBXFileReference; fileEncoding = 4; lastKnownFileType = sourcecode.swift; path = TestViewController.swift; sourceTree = "<group>"; };
/* End PBXFileReference section */

/* Begin PBXFrameworksBuildPhase section */
		4EC055F221A724E60016AB0D /* Frameworks */ = {
			isa = PBXFrameworksBuildPhase;
			buildActionMask = 2147483647;
			files = (
				0DFA9E80DF2176D7579F4F4C /* Pods_Audiometry.framework in Frameworks */,
			);
			runOnlyForDeploymentPostprocessing = 0;
		};
/* End PBXFrameworksBuildPhase section */

/* Begin PBXGroup section */
		1973150BF9644E63FB60AE81 /* Pods */ = {
			isa = PBXGroup;
			children = (
				AFE8D055F906C3049CD786A8 /* Pods-Audiometry.debug.xcconfig */,
				1C9CAD001E93C5B039521F51 /* Pods-Audiometry.release.xcconfig */,
			);
			path = Pods;
			sourceTree = "<group>";
		};
		4E4B3C6B21A7264300191AF3 /* Storyboards */ = {
			isa = PBXGroup;
			children = (
				4EC0560421A724E70016AB0D /* LaunchScreen.storyboard */,
				4E4B3C8821A7267100191AF3 /* Main.storyboard */,
				4E4B3CA221A9A30900191AF3 /* AdultTest.storyboard */,
				4EEDE90C21BFB04600028C60 /* ChildrenTest.storyboard */,
			);
			name = Storyboards;
			sourceTree = "<group>";
		};
		4E4B3C7021A7266000191AF3 /* AudioPlayers */ = {
			isa = PBXGroup;
			children = (
				4E4B3C7121A7266000191AF3 /* CalibrationPlayer.swift */,
				4E4B3C7221A7266000191AF3 /* TestPlayer.swift */,
				4EEDE90F21BFC07200028C60 /* ChildrenTestPlayer.swift */,
				4EEDE91121BFC08200028C60 /* AdultTestPlayer.swift */,
			);
			path = AudioPlayers;
			sourceTree = "<group>";
		};
		4E4B3C7721A7266000191AF3 /* ViewControllers */ = {
			isa = PBXGroup;
			children = (
				67B58CF523D5F7BC003EFEE6 /* Storyboarded.swift */,
				67251B98241D5D4A00587F77 /* LanguageViewController.swift */,
				4E4B3C7921A7266000191AF3 /* TitleViewController.swift */,
				4E4B3C7821A7266000191AF3 /* CalibrationViewController.swift */,
				4E4B3CEF21B03CF000191AF3 /* TestProtocolViewController.swift */,
				67AD6AD222F0AD0200CF2D14 /* PauseViewController.swift */,
				4EEDE90A21BEABBC00028C60 /* ChildrenInstructionViewController.swift */,
				4EEDE90421BE876E00028C60 /* ChildrenTestViewController.swift */,
				4E4B3CEA21A9B3FC00191AF3 /* AdultInstructionViewController.swift */,
				4EEDE90521BE876E00028C60 /* AdultTestViewController.swift */,
				4E4B3CF521B1988000191AF3 /* ResultViewController.swift */,
				D0F8DDA4E615FBA4FEA62638 /* TestViewController.swift */,
			);
			path = ViewControllers;
			sourceTree = "<group>";
		};
		4E4B3C9321A752CB00191AF3 /* DataModels */ = {
			isa = PBXGroup;
			children = (
				4E4B3C9021A745EA00191AF3 /* AudiometryModel.xcdatamodeld */,
			);
			path = DataModels;
			sourceTree = "<group>";
		};
		4EC055EC21A724E60016AB0D = {
			isa = PBXGroup;
			children = (
				67251B95241D5AFB00587F77 /* Localizable.strings */,
				4EC055F721A724E60016AB0D /* Audiometry */,
				1973150BF9644E63FB60AE81 /* Pods */,
				B4A70806EF3F3D522B8F549B /* Frameworks */,
				6703415723512E4E00ABFB89 /* Audiometry.app */,
			);
			sourceTree = "<group>";
		};
		4EC055F721A724E60016AB0D /* Audiometry */ = {
			isa = PBXGroup;
			children = (
				67F4916C240EBAEF00AC891E /* TestPlayground.playground */,
				6794A4FE2400541600489C64 /* Assets */,
				4EC055F821A724E60016AB0D /* AppDelegate.swift */,
				67C88C3B2400498F0000F6E7 /* AppConstants.swift */,
				4E4B3C9421A757DA00191AF3 /* AppUtililty.swift */,
				67DCEF2D22F68A8400C3117F /* CaptionText.swift */,
				67B58CF223D5F786003EFEE6 /* Coordinators */,
				4E4B3C9321A752CB00191AF3 /* DataModels */,
				67E329B123CE28880068C2E2 /* Repos */,
				67B58CFD23D763EE003EFEE6 /* Entities */,
				4E4B3C7721A7266000191AF3 /* ViewControllers */,
				67E329B623CE30C10068C2E2 /* UI */,
				4E4B3C6B21A7264300191AF3 /* Storyboards */,
				4E4B3C7021A7266000191AF3 /* AudioPlayers */,
				4EC0560221A724E70016AB0D /* Assets.xcassets */,
				4EC0560721A724E70016AB0D /* Info.plist */,
			);
			path = Audiometry;
			sourceTree = "<group>";
		};
		67B58CF223D5F786003EFEE6 /* Coordinators */ = {
			isa = PBXGroup;
			children = (
				67B58CF323D5F795003EFEE6 /* Coordinator.swift */,
				67B58CF723D5F812003EFEE6 /* MainCoordinator.swift */,
				67251B9A241D5D7700587F77 /* LanguageCoordinator.swift */,
				67B58CFB23D748DF003EFEE6 /* CalibrationCoordinator.swift */,
				67B58D0223EF19C2003EFEE6 /* TestProcotolCoordinator.swift */,
				67B58CF923D73833003EFEE6 /* TestCoordinator.swift */,
				D0F8D66214902A3E6506CE7D /* ResultCoordinator.swift */,
			);
			path = Coordinators;
			sourceTree = "<group>";
		};
		67B58CFD23D763EE003EFEE6 /* Entities */ = {
			isa = PBXGroup;
			children = (
				67B58CFE23D763FF003EFEE6 /* CalibrationSetting.swift */,
			);
			path = Entities;
			sourceTree = "<group>";
		};
		67E329B123CE28880068C2E2 /* Repos */ = {
			isa = PBXGroup;
			children = (
				67B58D0023E0FD72003EFEE6 /* Repository.swift */,
				67E329B223CE28AC0068C2E2 /* GlobalSettingRepo.swift */,
				67B58CF023D4CDF7003EFEE6 /* CalibrationSettingRepo.swift */,
				67E329B423CE2C6A0068C2E2 /* PatientProfileRepo.swift */,
				67E329B723CF5F190068C2E2 /* TestProtocolRepo.swift */,
			);
			path = Repos;
			sourceTree = "<group>";
		};
		67E329B623CE30C10068C2E2 /* UI */ = {
			isa = PBXGroup;
			children = (
				4E4B3C9621A7D32E00191AF3 /* CalibrationUIFactory.swift */,
				67E329B923CF661E0068C2E2 /* ProtocolUIFactory.swift */,
			);
			path = UI;
			sourceTree = "<group>";
		};
		B4A70806EF3F3D522B8F549B /* Frameworks */ = {
			isa = PBXGroup;
			children = (
				6BB81B19970E35CFD84AF850 /* Pods_Audiometry.framework */,
			);
			name = Frameworks;
			sourceTree = "<group>";
		};
/* End PBXGroup section */

/* Begin PBXNativeTarget section */
		4EC055F421A724E60016AB0D /* Audiometry */ = {
			isa = PBXNativeTarget;
			buildConfigurationList = 4EC0560A21A724E70016AB0D /* Build configuration list for PBXNativeTarget "Audiometry" */;
			buildPhases = (
				5941353849E33E9A98BEEBFB /* [CP] Check Pods Manifest.lock */,
				4EC055F121A724E60016AB0D /* Sources */,
				4EC055F221A724E60016AB0D /* Frameworks */,
				4EC055F321A724E60016AB0D /* Resources */,
				F796540B96A5D55ED63C1CAB /* [CP] Embed Pods Frameworks */,
			);
			buildRules = (
			);
			dependencies = (
			);
			name = Audiometry;
			productName = AudiometryKids;
			productReference = 6703415723512E4E00ABFB89 /* Audiometry.app */;
			productType = "com.apple.product-type.application";
		};
/* End PBXNativeTarget section */

/* Begin PBXProject section */
		4EC055ED21A724E60016AB0D /* Project object */ = {
			isa = PBXProject;
			attributes = {
				LastSwiftUpdateCheck = 1010;
				LastUpgradeCheck = 1010;
				ORGANIZATIONNAME = TriCounty;
				TargetAttributes = {
					4EC055F421A724E60016AB0D = {
						CreatedOnToolsVersion = 10.1;
						LastSwiftMigration = 1020;
					};
				};
			};
			buildConfigurationList = 4EC055F021A724E60016AB0D /* Build configuration list for PBXProject "Audiometry" */;
			compatibilityVersion = "Xcode 10.0";
			developmentRegion = en;
			hasScannedForEncodings = 0;
			knownRegions = (
				en,
				Base,
				"pt-BR",
				"es-419",
			);
			mainGroup = 4EC055EC21A724E60016AB0D;
			productRefGroup = 4EC055EC21A724E60016AB0D;
			projectDirPath = "";
			projectRoot = "";
			targets = (
				4EC055F421A724E60016AB0D /* Audiometry */,
			);
		};
/* End PBXProject section */

/* Begin PBXResourcesBuildPhase section */
		4EC055F321A724E60016AB0D /* Resources */ = {
			isa = PBXResourcesBuildPhase;
			buildActionMask = 2147483647;
			files = (
				4EC0560621A724E70016AB0D /* LaunchScreen.storyboard in Resources */,
				6794A4FF2400541600489C64 /* Assets in Resources */,
				4EC0560321A724E70016AB0D /* Assets.xcassets in Resources */,
				67251B93241D5AFB00587F77 /* Localizable.strings in Resources */,
				4E4B3C8E21A7267100191AF3 /* Main.storyboard in Resources */,
				4E4B3CA521A9A30900191AF3 /* AdultTest.storyboard in Resources */,
				4EEDE90E21BFB04600028C60 /* ChildrenTest.storyboard in Resources */,
			);
			runOnlyForDeploymentPostprocessing = 0;
		};
/* End PBXResourcesBuildPhase section */

/* Begin PBXShellScriptBuildPhase section */
		5941353849E33E9A98BEEBFB /* [CP] Check Pods Manifest.lock */ = {
			isa = PBXShellScriptBuildPhase;
			buildActionMask = 2147483647;
			files = (
			);
			inputFileListPaths = (
			);
			inputPaths = (
				"${PODS_PODFILE_DIR_PATH}/Podfile.lock",
				"${PODS_ROOT}/Manifest.lock",
			);
			name = "[CP] Check Pods Manifest.lock";
			outputFileListPaths = (
			);
			outputPaths = (
				"$(DERIVED_FILE_DIR)/Pods-Audiometry-checkManifestLockResult.txt",
			);
			runOnlyForDeploymentPostprocessing = 0;
			shellPath = /bin/sh;
			shellScript = "diff \"${PODS_PODFILE_DIR_PATH}/Podfile.lock\" \"${PODS_ROOT}/Manifest.lock\" > /dev/null\nif [ $? != 0 ] ; then\n    # print error to STDERR\n    echo \"error: The sandbox is not in sync with the Podfile.lock. Run 'pod install' or update your CocoaPods installation.\" >&2\n    exit 1\nfi\n# This output is used by Xcode 'outputs' to avoid re-running this script phase.\necho \"SUCCESS\" > \"${SCRIPT_OUTPUT_FILE_0}\"\n";
			showEnvVarsInLog = 0;
		};
		F796540B96A5D55ED63C1CAB /* [CP] Embed Pods Frameworks */ = {
			isa = PBXShellScriptBuildPhase;
			buildActionMask = 2147483647;
			files = (
			);
			inputFileListPaths = (
				"${PODS_ROOT}/Target Support Files/Pods-Audiometry/Pods-Audiometry-frameworks-${CONFIGURATION}-input-files.xcfilelist",
			);
			name = "[CP] Embed Pods Frameworks";
			outputFileListPaths = (
				"${PODS_ROOT}/Target Support Files/Pods-Audiometry/Pods-Audiometry-frameworks-${CONFIGURATION}-output-files.xcfilelist",
			);
			runOnlyForDeploymentPostprocessing = 0;
			shellPath = /bin/sh;
			shellScript = "\"${PODS_ROOT}/Target Support Files/Pods-Audiometry/Pods-Audiometry-frameworks.sh\"\n";
			showEnvVarsInLog = 0;
		};
/* End PBXShellScriptBuildPhase section */

/* Begin PBXSourcesBuildPhase section */
		4EC055F121A724E60016AB0D /* Sources */ = {
			isa = PBXSourcesBuildPhase;
			buildActionMask = 2147483647;
			files = (
				67B58D0123E0FD72003EFEE6 /* Repository.swift in Sources */,
				67E329B823CF5F190068C2E2 /* TestProtocolRepo.swift in Sources */,
				4E4B3C7D21A7266000191AF3 /* CalibrationPlayer.swift in Sources */,
				4EEDE90621BE876E00028C60 /* ChildrenTestViewController.swift in Sources */,
				67B58CFC23D748DF003EFEE6 /* CalibrationCoordinator.swift in Sources */,
				67251B99241D5D4A00587F77 /* LanguageViewController.swift in Sources */,
				4E4B3CF021B03CF000191AF3 /* TestProtocolViewController.swift in Sources */,
				67B58CF623D5F7BC003EFEE6 /* Storyboarded.swift in Sources */,
				4E4B3C8321A7266000191AF3 /* TitleViewController.swift in Sources */,
				67E329B323CE28AC0068C2E2 /* GlobalSettingRepo.swift in Sources */,
				67B58CFA23D73833003EFEE6 /* TestCoordinator.swift in Sources */,
				67E329B523CE2C6A0068C2E2 /* PatientProfileRepo.swift in Sources */,
				4E4B3C9521A757DA00191AF3 /* AppUtililty.swift in Sources */,
				4EEDE91221BFC08200028C60 /* AdultTestPlayer.swift in Sources */,
				67B58D0323EF19C2003EFEE6 /* TestProcotolCoordinator.swift in Sources */,
				4EEDE91021BFC07200028C60 /* ChildrenTestPlayer.swift in Sources */,
				67251B9B241D5D7700587F77 /* LanguageCoordinator.swift in Sources */,
				67B58CF123D4CDF7003EFEE6 /* CalibrationSettingRepo.swift in Sources */,
				4EEDE90721BE876E00028C60 /* AdultTestViewController.swift in Sources */,
				4E4B3C8221A7266000191AF3 /* CalibrationViewController.swift in Sources */,
				4E4B3C9721A7D32E00191AF3 /* CalibrationUIFactory.swift in Sources */,
				67DCEF2E22F68A8400C3117F /* CaptionText.swift in Sources */,
				67E329BA23CF661E0068C2E2 /* ProtocolUIFactory.swift in Sources */,
				4E4B3CF621B1988000191AF3 /* ResultViewController.swift in Sources */,
				4E4B3CED21A9B3FC00191AF3 /* AdultInstructionViewController.swift in Sources */,
				4EEDE90B21BEABBC00028C60 /* ChildrenInstructionViewController.swift in Sources */,
				67C88C3C2400498F0000F6E7 /* AppConstants.swift in Sources */,
				67B58CFF23D763FF003EFEE6 /* CalibrationSetting.swift in Sources */,
				67AD6AD422F0AEF800CF2D14 /* PauseViewController.swift in Sources */,
				4E4B3C9221A745EA00191AF3 /* AudiometryModel.xcdatamodeld in Sources */,
				67B58CF423D5F795003EFEE6 /* Coordinator.swift in Sources */,
				4EC055F921A724E60016AB0D /* AppDelegate.swift in Sources */,
				67B58CF823D5F812003EFEE6 /* MainCoordinator.swift in Sources */,
				4E4B3C7E21A7266000191AF3 /* TestPlayer.swift in Sources */,
				D0F8D6346B13044ECCAFB8FC /* TestViewController.swift in Sources */,
				D0F8D3AB212F9A5C83F86A02 /* ResultCoordinator.swift in Sources */,
			);
			runOnlyForDeploymentPostprocessing = 0;
		};
/* End PBXSourcesBuildPhase section */

/* Begin PBXVariantGroup section */
		4E4B3C8821A7267100191AF3 /* Main.storyboard */ = {
			isa = PBXVariantGroup;
			children = (
				4E4B3C8921A7267100191AF3 /* Base */,
				67251B88241D5A3600587F77 /* pt-BR */,
				67251B8C241D5A3E00587F77 /* es-419 */,
			);
			name = Main.storyboard;
			sourceTree = "<group>";
		};
		4E4B3CA221A9A30900191AF3 /* AdultTest.storyboard */ = {
			isa = PBXVariantGroup;
			children = (
				4E4B3CA321A9A30900191AF3 /* Base */,
				67251B89241D5A3600587F77 /* pt-BR */,
				67251B8D241D5A3E00587F77 /* es-419 */,
			);
			name = AdultTest.storyboard;
			sourceTree = "<group>";
		};
		4EC0560421A724E70016AB0D /* LaunchScreen.storyboard */ = {
			isa = PBXVariantGroup;
			children = (
				4EC0560521A724E70016AB0D /* Base */,
				67251B87241D5A3600587F77 /* pt-BR */,
				67251B8B241D5A3E00587F77 /* es-419 */,
			);
			name = LaunchScreen.storyboard;
			sourceTree = "<group>";
		};
		4EEDE90C21BFB04600028C60 /* ChildrenTest.storyboard */ = {
			isa = PBXVariantGroup;
			children = (
				4EEDE90D21BFB04600028C60 /* Base */,
				67251B8A241D5A3600587F77 /* pt-BR */,
				67251B8E241D5A3E00587F77 /* es-419 */,
			);
			name = ChildrenTest.storyboard;
			sourceTree = "<group>";
		};
		67251B95241D5AFB00587F77 /* Localizable.strings */ = {
			isa = PBXVariantGroup;
			children = (
				67251B94241D5AFB00587F77 /* pt-BR */,
				67251B96241D5AFD00587F77 /* en */,
			);
			name = Localizable.strings;
			sourceTree = "<group>";
		};
/* End PBXVariantGroup section */

/* Begin XCBuildConfiguration section */
		4EC0560821A724E70016AB0D /* Debug */ = {
			isa = XCBuildConfiguration;
			buildSettings = {
				ALWAYS_SEARCH_USER_PATHS = NO;
				CLANG_ANALYZER_LOCALIZABILITY_NONLOCALIZED = YES;
				CLANG_ANALYZER_NONNULL = YES;
				CLANG_ANALYZER_NUMBER_OBJECT_CONVERSION = YES_AGGRESSIVE;
				CLANG_CXX_LANGUAGE_STANDARD = "gnu++14";
				CLANG_CXX_LIBRARY = "libc++";
				CLANG_ENABLE_MODULES = YES;
				CLANG_ENABLE_OBJC_ARC = YES;
				CLANG_ENABLE_OBJC_WEAK = YES;
				CLANG_WARN_BLOCK_CAPTURE_AUTORELEASING = YES;
				CLANG_WARN_BOOL_CONVERSION = YES;
				CLANG_WARN_COMMA = YES;
				CLANG_WARN_CONSTANT_CONVERSION = YES;
				CLANG_WARN_DEPRECATED_OBJC_IMPLEMENTATIONS = YES;
				CLANG_WARN_DIRECT_OBJC_ISA_USAGE = YES_ERROR;
				CLANG_WARN_DOCUMENTATION_COMMENTS = YES;
				CLANG_WARN_EMPTY_BODY = YES;
				CLANG_WARN_ENUM_CONVERSION = YES;
				CLANG_WARN_INFINITE_RECURSION = YES;
				CLANG_WARN_INT_CONVERSION = YES;
				CLANG_WARN_NON_LITERAL_NULL_CONVERSION = YES;
				CLANG_WARN_OBJC_IMPLICIT_RETAIN_SELF = YES;
				CLANG_WARN_OBJC_LITERAL_CONVERSION = YES;
				CLANG_WARN_OBJC_ROOT_CLASS = YES_ERROR;
				CLANG_WARN_RANGE_LOOP_ANALYSIS = YES;
				CLANG_WARN_STRICT_PROTOTYPES = YES;
				CLANG_WARN_SUSPICIOUS_MOVE = YES;
				CLANG_WARN_UNGUARDED_AVAILABILITY = YES_AGGRESSIVE;
				CLANG_WARN_UNREACHABLE_CODE = YES;
				CLANG_WARN__DUPLICATE_METHOD_MATCH = YES;
				CODE_SIGN_IDENTITY = "iPhone Developer";
				COPY_PHASE_STRIP = NO;
				DEBUG_INFORMATION_FORMAT = dwarf;
				ENABLE_STRICT_OBJC_MSGSEND = YES;
				ENABLE_TESTABILITY = YES;
				GCC_C_LANGUAGE_STANDARD = gnu11;
				GCC_DYNAMIC_NO_PIC = NO;
				GCC_NO_COMMON_BLOCKS = YES;
				GCC_OPTIMIZATION_LEVEL = 0;
				GCC_PREPROCESSOR_DEFINITIONS = (
					"DEBUG=1",
					"$(inherited)",
				);
				GCC_WARN_64_TO_32_BIT_CONVERSION = YES;
				GCC_WARN_ABOUT_RETURN_TYPE = YES_ERROR;
				GCC_WARN_UNDECLARED_SELECTOR = YES;
				GCC_WARN_UNINITIALIZED_AUTOS = YES_AGGRESSIVE;
				GCC_WARN_UNUSED_FUNCTION = YES;
				GCC_WARN_UNUSED_VARIABLE = YES;
				IPHONEOS_DEPLOYMENT_TARGET = 10.0;
				MTL_ENABLE_DEBUG_INFO = INCLUDE_SOURCE;
				MTL_FAST_MATH = YES;
				ONLY_ACTIVE_ARCH = YES;
				SDKROOT = iphoneos;
				SWIFT_ACTIVE_COMPILATION_CONDITIONS = DEBUG;
				SWIFT_OPTIMIZATION_LEVEL = "-Onone";
			};
			name = Debug;
		};
		4EC0560921A724E70016AB0D /* Release */ = {
			isa = XCBuildConfiguration;
			buildSettings = {
				ALWAYS_SEARCH_USER_PATHS = NO;
				CLANG_ANALYZER_LOCALIZABILITY_NONLOCALIZED = YES;
				CLANG_ANALYZER_NONNULL = YES;
				CLANG_ANALYZER_NUMBER_OBJECT_CONVERSION = YES_AGGRESSIVE;
				CLANG_CXX_LANGUAGE_STANDARD = "gnu++14";
				CLANG_CXX_LIBRARY = "libc++";
				CLANG_ENABLE_MODULES = YES;
				CLANG_ENABLE_OBJC_ARC = YES;
				CLANG_ENABLE_OBJC_WEAK = YES;
				CLANG_WARN_BLOCK_CAPTURE_AUTORELEASING = YES;
				CLANG_WARN_BOOL_CONVERSION = YES;
				CLANG_WARN_COMMA = YES;
				CLANG_WARN_CONSTANT_CONVERSION = YES;
				CLANG_WARN_DEPRECATED_OBJC_IMPLEMENTATIONS = YES;
				CLANG_WARN_DIRECT_OBJC_ISA_USAGE = YES_ERROR;
				CLANG_WARN_DOCUMENTATION_COMMENTS = YES;
				CLANG_WARN_EMPTY_BODY = YES;
				CLANG_WARN_ENUM_CONVERSION = YES;
				CLANG_WARN_INFINITE_RECURSION = YES;
				CLANG_WARN_INT_CONVERSION = YES;
				CLANG_WARN_NON_LITERAL_NULL_CONVERSION = YES;
				CLANG_WARN_OBJC_IMPLICIT_RETAIN_SELF = YES;
				CLANG_WARN_OBJC_LITERAL_CONVERSION = YES;
				CLANG_WARN_OBJC_ROOT_CLASS = YES_ERROR;
				CLANG_WARN_RANGE_LOOP_ANALYSIS = YES;
				CLANG_WARN_STRICT_PROTOTYPES = YES;
				CLANG_WARN_SUSPICIOUS_MOVE = YES;
				CLANG_WARN_UNGUARDED_AVAILABILITY = YES_AGGRESSIVE;
				CLANG_WARN_UNREACHABLE_CODE = YES;
				CLANG_WARN__DUPLICATE_METHOD_MATCH = YES;
				CODE_SIGN_IDENTITY = "iPhone Developer";
				COPY_PHASE_STRIP = NO;
				DEBUG_INFORMATION_FORMAT = "dwarf-with-dsym";
				ENABLE_NS_ASSERTIONS = NO;
				ENABLE_STRICT_OBJC_MSGSEND = YES;
				GCC_C_LANGUAGE_STANDARD = gnu11;
				GCC_NO_COMMON_BLOCKS = YES;
				GCC_WARN_64_TO_32_BIT_CONVERSION = YES;
				GCC_WARN_ABOUT_RETURN_TYPE = YES_ERROR;
				GCC_WARN_UNDECLARED_SELECTOR = YES;
				GCC_WARN_UNINITIALIZED_AUTOS = YES_AGGRESSIVE;
				GCC_WARN_UNUSED_FUNCTION = YES;
				GCC_WARN_UNUSED_VARIABLE = YES;
				IPHONEOS_DEPLOYMENT_TARGET = 10.0;
				MTL_ENABLE_DEBUG_INFO = NO;
				MTL_FAST_MATH = YES;
				SDKROOT = iphoneos;
				SWIFT_COMPILATION_MODE = wholemodule;
				SWIFT_OPTIMIZATION_LEVEL = "-O";
				VALIDATE_PRODUCT = YES;
			};
			name = Release;
		};
		4EC0560B21A724E70016AB0D /* Debug */ = {
			isa = XCBuildConfiguration;
			baseConfigurationReference = AFE8D055F906C3049CD786A8 /* Pods-Audiometry.debug.xcconfig */;
			buildSettings = {
				ASSETCATALOG_COMPILER_APPICON_NAME = AppIcon;
				CODE_SIGN_STYLE = Automatic;
				CURRENT_PROJECT_VERSION = 15;
				DEVELOPMENT_TEAM = S8QF6QA72P;
				INFOPLIST_FILE = Audiometry/Info.plist;
				IPHONEOS_DEPLOYMENT_TARGET = 10.0;
				LD_RUNPATH_SEARCH_PATHS = (
					"@executable_path/Frameworks",
					"$(inherited)",
				);
				LIBRARY_SEARCH_PATHS = (
					"$(inherited)",
					"$(TOOLCHAIN_DIR)/usr/lib/swift/$(PLATFORM_NAME)",
				);
				MARKETING_VERSION = 0.8;
				PRODUCT_BUNDLE_IDENTIFIER = com.TriCounty.Audiometry;
				PRODUCT_NAME = "$(TARGET_NAME)";
				SWIFT_VERSION = 4.2;
				TARGETED_DEVICE_FAMILY = 2;
			};
			name = Debug;
		};
		4EC0560C21A724E70016AB0D /* Release */ = {
			isa = XCBuildConfiguration;
			baseConfigurationReference = 1C9CAD001E93C5B039521F51 /* Pods-Audiometry.release.xcconfig */;
			buildSettings = {
				ASSETCATALOG_COMPILER_APPICON_NAME = AppIcon;
				CODE_SIGN_STYLE = Automatic;
				CURRENT_PROJECT_VERSION = 15;
				DEVELOPMENT_TEAM = S8QF6QA72P;
				INFOPLIST_FILE = Audiometry/Info.plist;
				IPHONEOS_DEPLOYMENT_TARGET = 10.0;
				LD_RUNPATH_SEARCH_PATHS = (
					"@executable_path/Frameworks",
					"$(inherited)",
				);
				LIBRARY_SEARCH_PATHS = (
					"$(inherited)",
					"$(TOOLCHAIN_DIR)/usr/lib/swift/$(PLATFORM_NAME)",
				);
				MARKETING_VERSION = 0.8;
				PRODUCT_BUNDLE_IDENTIFIER = com.TriCounty.Audiometry;
				PRODUCT_NAME = "$(TARGET_NAME)";
				SWIFT_VERSION = 4.2;
				TARGETED_DEVICE_FAMILY = 2;
			};
			name = Release;
		};
/* End XCBuildConfiguration section */

/* Begin XCConfigurationList section */
		4EC055F021A724E60016AB0D /* Build configuration list for PBXProject "Audiometry" */ = {
			isa = XCConfigurationList;
			buildConfigurations = (
				4EC0560821A724E70016AB0D /* Debug */,
				4EC0560921A724E70016AB0D /* Release */,
			);
			defaultConfigurationIsVisible = 0;
			defaultConfigurationName = Release;
		};
		4EC0560A21A724E70016AB0D /* Build configuration list for PBXNativeTarget "Audiometry" */ = {
			isa = XCConfigurationList;
			buildConfigurations = (
				4EC0560B21A724E70016AB0D /* Debug */,
				4EC0560C21A724E70016AB0D /* Release */,
			);
			defaultConfigurationIsVisible = 0;
			defaultConfigurationName = Release;
		};
/* End XCConfigurationList section */

/* Begin XCVersionGroup section */
		4E4B3C9021A745EA00191AF3 /* AudiometryModel.xcdatamodeld */ = {
			isa = XCVersionGroup;
			children = (
				4E4B3C9121A745EA00191AF3 /* CalibrationSettingModel.xcdatamodel */,
			);
			currentVersion = 4E4B3C9121A745EA00191AF3 /* CalibrationSettingModel.xcdatamodel */;
			path = AudiometryModel.xcdatamodeld;
			sourceTree = "<group>";
			versionGroupType = wrapper.xcdatamodel;
		};
/* End XCVersionGroup section */
	};
	rootObject = 4EC055ED21A724E60016AB0D /* Project object */;
}
